
Microsoft Visual Studio Solution File, Format Version 12.00
# Visual Studio 15
VisualStudioVersion = 15.0.27004.2002
MinimumVisualStudioVersion = 10.0.40219.1
Project("{FAE04EC0-301F-11D3-BF4B-00C04F79EFBC}") = "Z1", "Z1\Z1.csproj", "{520D05F4-B13F-4485-839F-39AF3EC44567}"
EndProject
Project("{FAE04EC0-301F-11D3-BF4B-00C04F79EFBC}") = "Z2", "Z2\Z2.csproj", "{9E970B71-7049-49EB-8100-102D696408C4}"
EndProject
Project("{FAE04EC0-301F-11D3-BF4B-00C04F79EFBC}") = "Z3", "Z3\Z3.csproj", "{1175C661-F7D8-4F0B-BFAE-ACC03959E7C3}"
EndProject
Project("{FAE04EC0-301F-11D3-BF4B-00C04F79EFBC}") = "Z4", "Z4\Z4.csproj", "{C9BAD4D4-51CB-4A6B-834D-708F0F581579}"
EndProject
Project("{FAE04EC0-301F-11D3-BF4B-00C04F79EFBC}") = "Z5", "Z5\Z5.csproj", "{FBE65E74-319A-4C14-B964-6451AA218A85}"
EndProject
Project("{FAE04EC0-301F-11D3-BF4B-00C04F79EFBC}") = "Z6", "Z6\Z6.csproj", "{A29C7DDB-0CA5-42FB-B801-D074A93FF6BC}"
EndProject
Project("{FAE04EC0-301F-11D3-BF4B-00C04F79EFBC}") = "Z7", "Z7\Z7.csproj", "{D73ABC7B-E602-45E2-BD5E-20C1592328F5}"
EndProject
Project("{FAE04EC0-301F-11D3-BF4B-00C04F79EFBC}") = "Z8", "Z8\Z8.csproj", "{7621350D-5DED-488C-A963-3AC2BC3121A2}"
EndProject
Project("{FAE04EC0-301F-11D3-BF4B-00C04F79EFBC}") = "Z9", "Z9\Z9.csproj", "{7DDF229D-2CF3-4FC0-983A-24D2080E8C37}"
EndProject
Project("{FAE04EC0-301F-11D3-BF4B-00C04F79EFBC}") = "Z10", "Z10\Z10.csproj", "{2817D1EA-E86B-4FE6-8576-41F2CF2E5BF3}"
EndProject
Project("{FAE04EC0-301F-11D3-BF4B-00C04F79EFBC}") = "Z11", "Z11\Z11.csproj", "{CF6FF29D-3975-4E4C-8CB6-D3780DA90B9D}"
EndProject
Project("{FAE04EC0-301F-11D3-BF4B-00C04F79EFBC}") = "Z12", "Z12\Z12.csproj", "{80608903-BA57-4529-8CDD-F7EB82666495}"
EndProject
Project("{FAE04EC0-301F-11D3-BF4B-00C04F79EFBC}") = "Z13", "Z13\Z13.csproj", "{2DF0AE2B-AC0A-45A6-8FED-115C61288757}"
EndProject
Project("{FAE04EC0-301F-11D3-BF4B-00C04F79EFBC}") = "Z14", "Z14\Z14.csproj", "{01DE2FC0-B6B1-4771-A420-F8484189D6CD}"
EndProject
Project("{FAE04EC0-301F-11D3-BF4B-00C04F79EFBC}") = "Z15", "Z15\Z15.csproj", "{C1B6B69E-A27A-4A85-B87B-F2B6BBEF5134}"
EndProject
Project("{FAE04EC0-301F-11D3-BF4B-00C04F79EFBC}") = "Z16", "Z16\Z16.csproj", "{FC0F2FC9-D110-4C2E-A356-DE15435F7007}"
EndProject
Project("{FAE04EC0-301F-11D3-BF4B-00C04F79EFBC}") = "Z17", "Z17\Z17.csproj", "{2E12AA80-CF96-4519-8D75-3E59BAD2A66B}"
EndProject
Project("{FAE04EC0-301F-11D3-BF4B-00C04F79EFBC}") = "Z18", "Z18\Z18.csproj", "{590D2FF6-D9C7-4D47-A759-645A31F471B9}"
EndProject
Project("{FAE04EC0-301F-11D3-BF4B-00C04F79EFBC}") = "Z19", "Z19\Z19.csproj", "{E80A5FF9-713E-4C80-A7FD-731DD4E969F1}"
EndProject
Project("{FAE04EC0-301F-11D3-BF4B-00C04F79EFBC}") = "Z20", "Z20\Z20.csproj", "{71DAF215-27E6-4506-9672-B1A718A4A27A}"
EndProject
Project("{FAE04EC0-301F-11D3-BF4B-00C04F79EFBC}") = "Z21", "Z21\Z21.csproj", "{5AAA7479-67EB-42FE-9393-3186D9EDF386}"
EndProject
Project("{FAE04EC0-301F-11D3-BF4B-00C04F79EFBC}") = "Z22", "Z22\Z22.csproj", "{D898EB73-7301-47C5-B274-603C84EC024A}"
EndProject
Project("{FAE04EC0-301F-11D3-BF4B-00C04F79EFBC}") = "Z23", "Z23\Z23.csproj", "{85E8FF75-2FF4-48A8-94CB-D6273FDE557D}"
EndProject
Project("{FAE04EC0-301F-11D3-BF4B-00C04F79EFBC}") = "Z24", "Z24\Z24.csproj", "{6219063A-6DB2-435F-92B0-1433645C4FA3}"
EndProject
Project("{FAE04EC0-301F-11D3-BF4B-00C04F79EFBC}") = "Z25", "Z25\Z25.csproj", "{52ED1F94-F39F-47E2-9903-862751657414}"
EndProject
Project("{FAE04EC0-301F-11D3-BF4B-00C04F79EFBC}") = "Z26", "Z26\Z26.csproj", "{5BEE9F72-1D11-47C3-B0E2-ABFD2557AC5E}"
EndProject
Global
	GlobalSection(SolutionConfigurationPlatforms) = preSolution
		Debug|Any CPU = Debug|Any CPU
		Release|Any CPU = Release|Any CPU
	EndGlobalSection
	GlobalSection(ProjectConfigurationPlatforms) = postSolution
		{520D05F4-B13F-4485-839F-39AF3EC44567}.Debug|Any CPU.ActiveCfg = Debug|Any CPU
		{520D05F4-B13F-4485-839F-39AF3EC44567}.Debug|Any CPU.Build.0 = Debug|Any CPU
		{520D05F4-B13F-4485-839F-39AF3EC44567}.Release|Any CPU.ActiveCfg = Release|Any CPU
		{520D05F4-B13F-4485-839F-39AF3EC44567}.Release|Any CPU.Build.0 = Release|Any CPU
		{9E970B71-7049-49EB-8100-102D696408C4}.Debug|Any CPU.ActiveCfg = Debug|Any CPU
		{9E970B71-7049-49EB-8100-102D696408C4}.Debug|Any CPU.Build.0 = Debug|Any CPU
		{9E970B71-7049-49EB-8100-102D696408C4}.Release|Any CPU.ActiveCfg = Release|Any CPU
		{9E970B71-7049-49EB-8100-102D696408C4}.Release|Any CPU.Build.0 = Release|Any CPU
		{1175C661-F7D8-4F0B-BFAE-ACC03959E7C3}.Debug|Any CPU.ActiveCfg = Debug|Any CPU
		{1175C661-F7D8-4F0B-BFAE-ACC03959E7C3}.Debug|Any CPU.Build.0 = Debug|Any CPU
		{1175C661-F7D8-4F0B-BFAE-ACC03959E7C3}.Release|Any CPU.ActiveCfg = Release|Any CPU
		{1175C661-F7D8-4F0B-BFAE-ACC03959E7C3}.Release|Any CPU.Build.0 = Release|Any CPU
		{C9BAD4D4-51CB-4A6B-834D-708F0F581579}.Debug|Any CPU.ActiveCfg = Debug|Any CPU
		{C9BAD4D4-51CB-4A6B-834D-708F0F581579}.Debug|Any CPU.Build.0 = Debug|Any CPU
		{C9BAD4D4-51CB-4A6B-834D-708F0F581579}.Release|Any CPU.ActiveCfg = Release|Any CPU
		{C9BAD4D4-51CB-4A6B-834D-708F0F581579}.Release|Any CPU.Build.0 = Release|Any CPU
		{FBE65E74-319A-4C14-B964-6451AA218A85}.Debug|Any CPU.ActiveCfg = Debug|Any CPU
		{FBE65E74-319A-4C14-B964-6451AA218A85}.Debug|Any CPU.Build.0 = Debug|Any CPU
		{FBE65E74-319A-4C14-B964-6451AA218A85}.Release|Any CPU.ActiveCfg = Release|Any CPU
		{FBE65E74-319A-4C14-B964-6451AA218A85}.Release|Any CPU.Build.0 = Release|Any CPU
		{A29C7DDB-0CA5-42FB-B801-D074A93FF6BC}.Debug|Any CPU.ActiveCfg = Debug|Any CPU
		{A29C7DDB-0CA5-42FB-B801-D074A93FF6BC}.Debug|Any CPU.Build.0 = Debug|Any CPU
		{A29C7DDB-0CA5-42FB-B801-D074A93FF6BC}.Release|Any CPU.ActiveCfg = Release|Any CPU
		{A29C7DDB-0CA5-42FB-B801-D074A93FF6BC}.Release|Any CPU.Build.0 = Release|Any CPU
		{D73ABC7B-E602-45E2-BD5E-20C1592328F5}.Debug|Any CPU.ActiveCfg = Debug|Any CPU
		{D73ABC7B-E602-45E2-BD5E-20C1592328F5}.Debug|Any CPU.Build.0 = Debug|Any CPU
		{D73ABC7B-E602-45E2-BD5E-20C1592328F5}.Release|Any CPU.ActiveCfg = Release|Any CPU
		{D73ABC7B-E602-45E2-BD5E-20C1592328F5}.Release|Any CPU.Build.0 = Release|Any CPU
		{7621350D-5DED-488C-A963-3AC2BC3121A2}.Debug|Any CPU.ActiveCfg = Debug|Any CPU
		{7621350D-5DED-488C-A963-3AC2BC3121A2}.Debug|Any CPU.Build.0 = Debug|Any CPU
		{7621350D-5DED-488C-A963-3AC2BC3121A2}.Release|Any CPU.ActiveCfg = Release|Any CPU
		{7621350D-5DED-488C-A963-3AC2BC3121A2}.Release|Any CPU.Build.0 = Release|Any CPU
		{7DDF229D-2CF3-4FC0-983A-24D2080E8C37}.Debug|Any CPU.ActiveCfg = Debug|Any CPU
		{7DDF229D-2CF3-4FC0-983A-24D2080E8C37}.Debug|Any CPU.Build.0 = Debug|Any CPU
		{7DDF229D-2CF3-4FC0-983A-24D2080E8C37}.Release|Any CPU.ActiveCfg = Release|Any CPU
		{7DDF229D-2CF3-4FC0-983A-24D2080E8C37}.Release|Any CPU.Build.0 = Release|Any CPU
		{2817D1EA-E86B-4FE6-8576-41F2CF2E5BF3}.Debug|Any CPU.ActiveCfg = Debug|Any CPU
		{2817D1EA-E86B-4FE6-8576-41F2CF2E5BF3}.Debug|Any CPU.Build.0 = Debug|Any CPU
		{2817D1EA-E86B-4FE6-8576-41F2CF2E5BF3}.Release|Any CPU.ActiveCfg = Release|Any CPU
		{2817D1EA-E86B-4FE6-8576-41F2CF2E5BF3}.Release|Any CPU.Build.0 = Release|Any CPU
		{CF6FF29D-3975-4E4C-8CB6-D3780DA90B9D}.Debug|Any CPU.ActiveCfg = Debug|Any CPU
		{CF6FF29D-3975-4E4C-8CB6-D3780DA90B9D}.Debug|Any CPU.Build.0 = Debug|Any CPU
		{CF6FF29D-3975-4E4C-8CB6-D3780DA90B9D}.Release|Any CPU.ActiveCfg = Release|Any CPU
		{CF6FF29D-3975-4E4C-8CB6-D3780DA90B9D}.Release|Any CPU.Build.0 = Release|Any CPU
		{80608903-BA57-4529-8CDD-F7EB82666495}.Debug|Any CPU.ActiveCfg = Debug|Any CPU
		{80608903-BA57-4529-8CDD-F7EB82666495}.Debug|Any CPU.Build.0 = Debug|Any CPU
		{80608903-BA57-4529-8CDD-F7EB82666495}.Release|Any CPU.ActiveCfg = Release|Any CPU
		{80608903-BA57-4529-8CDD-F7EB82666495}.Release|Any CPU.Build.0 = Release|Any CPU
		{2DF0AE2B-AC0A-45A6-8FED-115C61288757}.Debug|Any CPU.ActiveCfg = Debug|Any CPU
		{2DF0AE2B-AC0A-45A6-8FED-115C61288757}.Debug|Any CPU.Build.0 = Debug|Any CPU
		{2DF0AE2B-AC0A-45A6-8FED-115C61288757}.Release|Any CPU.ActiveCfg = Release|Any CPU
		{2DF0AE2B-AC0A-45A6-8FED-115C61288757}.Release|Any CPU.Build.0 = Release|Any CPU
		{01DE2FC0-B6B1-4771-A420-F8484189D6CD}.Debug|Any CPU.ActiveCfg = Debug|Any CPU
		{01DE2FC0-B6B1-4771-A420-F8484189D6CD}.Debug|Any CPU.Build.0 = Debug|Any CPU
		{01DE2FC0-B6B1-4771-A420-F8484189D6CD}.Release|Any CPU.ActiveCfg = Release|Any CPU
		{01DE2FC0-B6B1-4771-A420-F8484189D6CD}.Release|Any CPU.Build.0 = Release|Any CPU
		{C1B6B69E-A27A-4A85-B87B-F2B6BBEF5134}.Debug|Any CPU.ActiveCfg = Debug|Any CPU
		{C1B6B69E-A27A-4A85-B87B-F2B6BBEF5134}.Debug|Any CPU.Build.0 = Debug|Any CPU
		{C1B6B69E-A27A-4A85-B87B-F2B6BBEF5134}.Release|Any CPU.ActiveCfg = Release|Any CPU
		{C1B6B69E-A27A-4A85-B87B-F2B6BBEF5134}.Release|Any CPU.Build.0 = Release|Any CPU
		{FC0F2FC9-D110-4C2E-A356-DE15435F7007}.Debug|Any CPU.ActiveCfg = Debug|Any CPU
		{FC0F2FC9-D110-4C2E-A356-DE15435F7007}.Debug|Any CPU.Build.0 = Debug|Any CPU
		{FC0F2FC9-D110-4C2E-A356-DE15435F7007}.Release|Any CPU.ActiveCfg = Release|Any CPU
		{FC0F2FC9-D110-4C2E-A356-DE15435F7007}.Release|Any CPU.Build.0 = Release|Any CPU
		{2E12AA80-CF96-4519-8D75-3E59BAD2A66B}.Debug|Any CPU.ActiveCfg = Debug|Any CPU
		{2E12AA80-CF96-4519-8D75-3E59BAD2A66B}.Debug|Any CPU.Build.0 = Debug|Any CPU
		{2E12AA80-CF96-4519-8D75-3E59BAD2A66B}.Release|Any CPU.ActiveCfg = Release|Any CPU
		{2E12AA80-CF96-4519-8D75-3E59BAD2A66B}.Release|Any CPU.Build.0 = Release|Any CPU
		{590D2FF6-D9C7-4D47-A759-645A31F471B9}.Debug|Any CPU.ActiveCfg = Debug|Any CPU
		{590D2FF6-D9C7-4D47-A759-645A31F471B9}.Debug|Any CPU.Build.0 = Debug|Any CPU
		{590D2FF6-D9C7-4D47-A759-645A31F471B9}.Release|Any CPU.ActiveCfg = Release|Any CPU
		{590D2FF6-D9C7-4D47-A759-645A31F471B9}.Release|Any CPU.Build.0 = Release|Any CPU
		{E80A5FF9-713E-4C80-A7FD-731DD4E969F1}.Debug|Any CPU.ActiveCfg = Debug|Any CPU
		{E80A5FF9-713E-4C80-A7FD-731DD4E969F1}.Debug|Any CPU.Build.0 = Debug|Any CPU
		{E80A5FF9-713E-4C80-A7FD-731DD4E969F1}.Release|Any CPU.ActiveCfg = Release|Any CPU
		{E80A5FF9-713E-4C80-A7FD-731DD4E969F1}.Release|Any CPU.Build.0 = Release|Any CPU
		{71DAF215-27E6-4506-9672-B1A718A4A27A}.Debug|Any CPU.ActiveCfg = Debug|Any CPU
		{71DAF215-27E6-4506-9672-B1A718A4A27A}.Debug|Any CPU.Build.0 = Debug|Any CPU
		{71DAF215-27E6-4506-9672-B1A718A4A27A}.Release|Any CPU.ActiveCfg = Release|Any CPU
		{71DAF215-27E6-4506-9672-B1A718A4A27A}.Release|Any CPU.Build.0 = Release|Any CPU
		{5AAA7479-67EB-42FE-9393-3186D9EDF386}.Debug|Any CPU.ActiveCfg = Debug|Any CPU
		{5AAA7479-67EB-42FE-9393-3186D9EDF386}.Debug|Any CPU.Build.0 = Debug|Any CPU
		{5AAA7479-67EB-42FE-9393-3186D9EDF386}.Release|Any CPU.ActiveCfg = Release|Any CPU
		{5AAA7479-67EB-42FE-9393-3186D9EDF386}.Release|Any CPU.Build.0 = Release|Any CPU
		{D898EB73-7301-47C5-B274-603C84EC024A}.Debug|Any CPU.ActiveCfg = Debug|Any CPU
		{D898EB73-7301-47C5-B274-603C84EC024A}.Debug|Any CPU.Build.0 = Debug|Any CPU
		{D898EB73-7301-47C5-B274-603C84EC024A}.Release|Any CPU.ActiveCfg = Release|Any CPU
		{D898EB73-7301-47C5-B274-603C84EC024A}.Release|Any CPU.Build.0 = Release|Any CPU
		{85E8FF75-2FF4-48A8-94CB-D6273FDE557D}.Debug|Any CPU.ActiveCfg = Debug|Any CPU
		{85E8FF75-2FF4-48A8-94CB-D6273FDE557D}.Debug|Any CPU.Build.0 = Debug|Any CPU
		{85E8FF75-2FF4-48A8-94CB-D6273FDE557D}.Release|Any CPU.ActiveCfg = Release|Any CPU
		{85E8FF75-2FF4-48A8-94CB-D6273FDE557D}.Release|Any CPU.Build.0 = Release|Any CPU
		{6219063A-6DB2-435F-92B0-1433645C4FA3}.Debug|Any CPU.ActiveCfg = Debug|Any CPU
		{6219063A-6DB2-435F-92B0-1433645C4FA3}.Debug|Any CPU.Build.0 = Debug|Any CPU
		{6219063A-6DB2-435F-92B0-1433645C4FA3}.Release|Any CPU.ActiveCfg = Release|Any CPU
		{6219063A-6DB2-435F-92B0-1433645C4FA3}.Release|Any CPU.Build.0 = Release|Any CPU
		{52ED1F94-F39F-47E2-9903-862751657414}.Debug|Any CPU.ActiveCfg = Debug|Any CPU
		{52ED1F94-F39F-47E2-9903-862751657414}.Debug|Any CPU.Build.0 = Debug|Any CPU
		{52ED1F94-F39F-47E2-9903-862751657414}.Release|Any CPU.ActiveCfg = Release|Any CPU
		{52ED1F94-F39F-47E2-9903-862751657414}.Release|Any CPU.Build.0 = Release|Any CPU
		{5BEE9F72-1D11-47C3-B0E2-ABFD2557AC5E}.Debug|Any CPU.ActiveCfg = Debug|Any CPU
		{5BEE9F72-1D11-47C3-B0E2-ABFD2557AC5E}.Debug|Any CPU.Build.0 = Debug|Any CPU
		{5BEE9F72-1D11-47C3-B0E2-ABFD2557AC5E}.Release|Any CPU.ActiveCfg = Release|Any CPU
		{5BEE9F72-1D11-47C3-B0E2-ABFD2557AC5E}.Release|Any CPU.Build.0 = Release|Any CPU
	EndGlobalSection
	GlobalSection(SolutionProperties) = preSolution
		HideSolutionNode = FALSE
	EndGlobalSection
	GlobalSection(ExtensibilityGlobals) = postSolution
		SolutionGuid = {A5E4C25D-F598-4B1D-AE94-0B3A7DA696C7}
	EndGlobalSection
EndGlobal
