
Microsoft Visual Studio Solution File, Format Version 12.00
# Visual Studio 15
VisualStudioVersion = 15.0.27004.2002
MinimumVisualStudioVersion = 10.0.40219.1
Project("{FAE04EC0-301F-11D3-BF4B-00C04F79EFBC}") = "Z1", "Z1\Z1.csproj", "{5A3E7022-2030-4B85-916A-E37663A64372}"
EndProject
Project("{FAE04EC0-301F-11D3-BF4B-00C04F79EFBC}") = "Z2", "Z2\Z2.csproj", "{9431BFBA-864D-4204-BD15-F67FB6F9C920}"
EndProject
Project("{FAE04EC0-301F-11D3-BF4B-00C04F79EFBC}") = "Z3", "Z3\Z3.csproj", "{5C9E2277-4EFD-4389-B2ED-CB301A90107A}"
EndProject
Project("{FAE04EC0-301F-11D3-BF4B-00C04F79EFBC}") = "Z4", "Z4\Z4.csproj", "{015EBEE1-848C-4140-B4C1-A8A52DE39D0F}"
EndProject
Project("{FAE04EC0-301F-11D3-BF4B-00C04F79EFBC}") = "Z5", "Z5\Z5.csproj", "{1D99C157-182F-4DC0-A23E-AB10D395C985}"
EndProject
Project("{FAE04EC0-301F-11D3-BF4B-00C04F79EFBC}") = "Z6", "Z6\Z6.csproj", "{DF86479D-75EC-4C75-9446-91BCED68797F}"
EndProject
Project("{FAE04EC0-301F-11D3-BF4B-00C04F79EFBC}") = "Z7", "Z7\Z7.csproj", "{79779B01-FDE1-4C54-B7A9-6F399B954E3E}"
EndProject
Project("{FAE04EC0-301F-11D3-BF4B-00C04F79EFBC}") = "Z8", "Z8\Z8.csproj", "{54F42387-B674-4083-B87F-2472106AD4EE}"
EndProject
Project("{FAE04EC0-301F-11D3-BF4B-00C04F79EFBC}") = "Z9", "Z9\Z9.csproj", "{0E121878-9D66-4A16-910E-056E75190A2F}"
EndProject
Project("{FAE04EC0-301F-11D3-BF4B-00C04F79EFBC}") = "Z10", "Z10\Z10.csproj", "{D3424FEA-878C-437C-8094-C37E66681A61}"
EndProject
Project("{FAE04EC0-301F-11D3-BF4B-00C04F79EFBC}") = "Z11", "Z11\Z11.csproj", "{5AF383CC-C8E6-49BB-8ABF-417416D315DB}"
EndProject
Project("{FAE04EC0-301F-11D3-BF4B-00C04F79EFBC}") = "Z12", "Z12\Z12.csproj", "{B86C312B-7D62-4E83-A412-2F6B2B2C6F59}"
EndProject
Project("{FAE04EC0-301F-11D3-BF4B-00C04F79EFBC}") = "Z13", "Z13\Z13.csproj", "{A0C8E3D4-243C-4E87-9EB7-235B2EF500A3}"
EndProject
Project("{FAE04EC0-301F-11D3-BF4B-00C04F79EFBC}") = "Z14", "Z14\Z14.csproj", "{9A51F365-833B-44EC-B33E-2481600EFE75}"
EndProject
Project("{FAE04EC0-301F-11D3-BF4B-00C04F79EFBC}") = "Z15", "Z15\Z15.csproj", "{C9F9038F-D3F0-4443-A9CE-107ECF257D9D}"
EndProject
Global
	GlobalSection(SolutionConfigurationPlatforms) = preSolution
		Debug|Any CPU = Debug|Any CPU
		Release|Any CPU = Release|Any CPU
	EndGlobalSection
	GlobalSection(ProjectConfigurationPlatforms) = postSolution
		{5A3E7022-2030-4B85-916A-E37663A64372}.Debug|Any CPU.ActiveCfg = Debug|Any CPU
		{5A3E7022-2030-4B85-916A-E37663A64372}.Debug|Any CPU.Build.0 = Debug|Any CPU
		{5A3E7022-2030-4B85-916A-E37663A64372}.Release|Any CPU.ActiveCfg = Release|Any CPU
		{5A3E7022-2030-4B85-916A-E37663A64372}.Release|Any CPU.Build.0 = Release|Any CPU
		{9431BFBA-864D-4204-BD15-F67FB6F9C920}.Debug|Any CPU.ActiveCfg = Debug|Any CPU
		{9431BFBA-864D-4204-BD15-F67FB6F9C920}.Debug|Any CPU.Build.0 = Debug|Any CPU
		{9431BFBA-864D-4204-BD15-F67FB6F9C920}.Release|Any CPU.ActiveCfg = Release|Any CPU
		{9431BFBA-864D-4204-BD15-F67FB6F9C920}.Release|Any CPU.Build.0 = Release|Any CPU
		{5C9E2277-4EFD-4389-B2ED-CB301A90107A}.Debug|Any CPU.ActiveCfg = Debug|Any CPU
		{5C9E2277-4EFD-4389-B2ED-CB301A90107A}.Debug|Any CPU.Build.0 = Debug|Any CPU
		{5C9E2277-4EFD-4389-B2ED-CB301A90107A}.Release|Any CPU.ActiveCfg = Release|Any CPU
		{5C9E2277-4EFD-4389-B2ED-CB301A90107A}.Release|Any CPU.Build.0 = Release|Any CPU
		{015EBEE1-848C-4140-B4C1-A8A52DE39D0F}.Debug|Any CPU.ActiveCfg = Debug|Any CPU
		{015EBEE1-848C-4140-B4C1-A8A52DE39D0F}.Debug|Any CPU.Build.0 = Debug|Any CPU
		{015EBEE1-848C-4140-B4C1-A8A52DE39D0F}.Release|Any CPU.ActiveCfg = Release|Any CPU
		{015EBEE1-848C-4140-B4C1-A8A52DE39D0F}.Release|Any CPU.Build.0 = Release|Any CPU
		{1D99C157-182F-4DC0-A23E-AB10D395C985}.Debug|Any CPU.ActiveCfg = Debug|Any CPU
		{1D99C157-182F-4DC0-A23E-AB10D395C985}.Debug|Any CPU.Build.0 = Debug|Any CPU
		{1D99C157-182F-4DC0-A23E-AB10D395C985}.Release|Any CPU.ActiveCfg = Release|Any CPU
		{1D99C157-182F-4DC0-A23E-AB10D395C985}.Release|Any CPU.Build.0 = Release|Any CPU
		{DF86479D-75EC-4C75-9446-91BCED68797F}.Debug|Any CPU.ActiveCfg = Debug|Any CPU
		{DF86479D-75EC-4C75-9446-91BCED68797F}.Debug|Any CPU.Build.0 = Debug|Any CPU
		{DF86479D-75EC-4C75-9446-91BCED68797F}.Release|Any CPU.ActiveCfg = Release|Any CPU
		{DF86479D-75EC-4C75-9446-91BCED68797F}.Release|Any CPU.Build.0 = Release|Any CPU
		{79779B01-FDE1-4C54-B7A9-6F399B954E3E}.Debug|Any CPU.ActiveCfg = Debug|Any CPU
		{79779B01-FDE1-4C54-B7A9-6F399B954E3E}.Debug|Any CPU.Build.0 = Debug|Any CPU
		{79779B01-FDE1-4C54-B7A9-6F399B954E3E}.Release|Any CPU.ActiveCfg = Release|Any CPU
		{79779B01-FDE1-4C54-B7A9-6F399B954E3E}.Release|Any CPU.Build.0 = Release|Any CPU
		{54F42387-B674-4083-B87F-2472106AD4EE}.Debug|Any CPU.ActiveCfg = Debug|Any CPU
		{54F42387-B674-4083-B87F-2472106AD4EE}.Debug|Any CPU.Build.0 = Debug|Any CPU
		{54F42387-B674-4083-B87F-2472106AD4EE}.Release|Any CPU.ActiveCfg = Release|Any CPU
		{54F42387-B674-4083-B87F-2472106AD4EE}.Release|Any CPU.Build.0 = Release|Any CPU
		{0E121878-9D66-4A16-910E-056E75190A2F}.Debug|Any CPU.ActiveCfg = Debug|Any CPU
		{0E121878-9D66-4A16-910E-056E75190A2F}.Debug|Any CPU.Build.0 = Debug|Any CPU
		{0E121878-9D66-4A16-910E-056E75190A2F}.Release|Any CPU.ActiveCfg = Release|Any CPU
		{0E121878-9D66-4A16-910E-056E75190A2F}.Release|Any CPU.Build.0 = Release|Any CPU
		{D3424FEA-878C-437C-8094-C37E66681A61}.Debug|Any CPU.ActiveCfg = Debug|Any CPU
		{D3424FEA-878C-437C-8094-C37E66681A61}.Debug|Any CPU.Build.0 = Debug|Any CPU
		{D3424FEA-878C-437C-8094-C37E66681A61}.Release|Any CPU.ActiveCfg = Release|Any CPU
		{D3424FEA-878C-437C-8094-C37E66681A61}.Release|Any CPU.Build.0 = Release|Any CPU
		{5AF383CC-C8E6-49BB-8ABF-417416D315DB}.Debug|Any CPU.ActiveCfg = Debug|Any CPU
		{5AF383CC-C8E6-49BB-8ABF-417416D315DB}.Debug|Any CPU.Build.0 = Debug|Any CPU
		{5AF383CC-C8E6-49BB-8ABF-417416D315DB}.Release|Any CPU.ActiveCfg = Release|Any CPU
		{5AF383CC-C8E6-49BB-8ABF-417416D315DB}.Release|Any CPU.Build.0 = Release|Any CPU
		{B86C312B-7D62-4E83-A412-2F6B2B2C6F59}.Debug|Any CPU.ActiveCfg = Debug|Any CPU
		{B86C312B-7D62-4E83-A412-2F6B2B2C6F59}.Debug|Any CPU.Build.0 = Debug|Any CPU
		{B86C312B-7D62-4E83-A412-2F6B2B2C6F59}.Release|Any CPU.ActiveCfg = Release|Any CPU
		{B86C312B-7D62-4E83-A412-2F6B2B2C6F59}.Release|Any CPU.Build.0 = Release|Any CPU
		{A0C8E3D4-243C-4E87-9EB7-235B2EF500A3}.Debug|Any CPU.ActiveCfg = Debug|Any CPU
		{A0C8E3D4-243C-4E87-9EB7-235B2EF500A3}.Debug|Any CPU.Build.0 = Debug|Any CPU
		{A0C8E3D4-243C-4E87-9EB7-235B2EF500A3}.Release|Any CPU.ActiveCfg = Release|Any CPU
		{A0C8E3D4-243C-4E87-9EB7-235B2EF500A3}.Release|Any CPU.Build.0 = Release|Any CPU
		{9A51F365-833B-44EC-B33E-2481600EFE75}.Debug|Any CPU.ActiveCfg = Debug|Any CPU
		{9A51F365-833B-44EC-B33E-2481600EFE75}.Debug|Any CPU.Build.0 = Debug|Any CPU
		{9A51F365-833B-44EC-B33E-2481600EFE75}.Release|Any CPU.ActiveCfg = Release|Any CPU
		{9A51F365-833B-44EC-B33E-2481600EFE75}.Release|Any CPU.Build.0 = Release|Any CPU
		{C9F9038F-D3F0-4443-A9CE-107ECF257D9D}.Debug|Any CPU.ActiveCfg = Debug|Any CPU
		{C9F9038F-D3F0-4443-A9CE-107ECF257D9D}.Debug|Any CPU.Build.0 = Debug|Any CPU
		{C9F9038F-D3F0-4443-A9CE-107ECF257D9D}.Release|Any CPU.ActiveCfg = Release|Any CPU
		{C9F9038F-D3F0-4443-A9CE-107ECF257D9D}.Release|Any CPU.Build.0 = Release|Any CPU
	EndGlobalSection
	GlobalSection(SolutionProperties) = preSolution
		HideSolutionNode = FALSE
	EndGlobalSection
	GlobalSection(ExtensibilityGlobals) = postSolution
		SolutionGuid = {20F0CE98-AD1F-49D8-84BA-3DEC44B92EA4}
	EndGlobalSection
EndGlobal
