
Microsoft Visual Studio Solution File, Format Version 12.00
# Visual Studio 15
VisualStudioVersion = 15.0.27004.2002
MinimumVisualStudioVersion = 10.0.40219.1
Project("{FAE04EC0-301F-11D3-BF4B-00C04F79EFBC}") = "Z1", "Z1\Z1.csproj", "{823D3FBD-CC3A-4284-AEA4-331E365225ED}"
EndProject
Project("{FAE04EC0-301F-11D3-BF4B-00C04F79EFBC}") = "Z2", "Z2\Z2.csproj", "{44458334-23FA-46FB-BDEF-32843BD25C8B}"
EndProject
Project("{FAE04EC0-301F-11D3-BF4B-00C04F79EFBC}") = "Z3", "Z3\Z3.csproj", "{C82F1E13-8789-449D-849B-BAB1906D0D8E}"
EndProject
Project("{FAE04EC0-301F-11D3-BF4B-00C04F79EFBC}") = "Z4", "Z4\Z4.csproj", "{5AE1C022-0552-4C11-9DAB-CC2A7EEF8AAE}"
EndProject
Project("{FAE04EC0-301F-11D3-BF4B-00C04F79EFBC}") = "Z5", "Z5\Z5.csproj", "{DB8116AB-A62E-4125-9A2E-D73A5C12BA75}"
EndProject
Project("{FAE04EC0-301F-11D3-BF4B-00C04F79EFBC}") = "Z6", "Z6\Z6.csproj", "{6F853633-4CA6-443F-ABC3-C15AD81B9571}"
EndProject
Project("{FAE04EC0-301F-11D3-BF4B-00C04F79EFBC}") = "Z5.1", "Z5.1\Z5.1.csproj", "{F5162F16-5C0F-4797-980D-E355057AD7F1}"
EndProject
Project("{FAE04EC0-301F-11D3-BF4B-00C04F79EFBC}") = "Z8", "Z8\Z8.csproj", "{D6EDBE3C-472E-462F-8958-BE04B3A65DB0}"
EndProject
Project("{FAE04EC0-301F-11D3-BF4B-00C04F79EFBC}") = "Z9", "Z9\Z9.csproj", "{5AE44021-03B1-4813-8435-545193B88DAF}"
EndProject
Project("{FAE04EC0-301F-11D3-BF4B-00C04F79EFBC}") = "Z10", "Z10\Z10.csproj", "{EB377D67-BFB5-4B83-9647-3CCE2EDC77EB}"
EndProject
Project("{FAE04EC0-301F-11D3-BF4B-00C04F79EFBC}") = "Z11", "Z11\Z11.csproj", "{949A1462-32E0-4F66-A4BD-0120590EE304}"
EndProject
Project("{FAE04EC0-301F-11D3-BF4B-00C04F79EFBC}") = "Z12", "Z12\Z12.csproj", "{58FB37A1-E775-46D2-885F-46B35A24F1E3}"
EndProject
Project("{FAE04EC0-301F-11D3-BF4B-00C04F79EFBC}") = "Z13", "Z13\Z13.csproj", "{891FD5F8-8364-4319-B753-8C1C75FE4A10}"
EndProject
Project("{FAE04EC0-301F-11D3-BF4B-00C04F79EFBC}") = "Z14", "Z14\Z14.csproj", "{8C103674-34A2-4A1C-A9C7-B6A6826CB8BF}"
EndProject
Project("{FAE04EC0-301F-11D3-BF4B-00C04F79EFBC}") = "Z15", "Z15\Z15.csproj", "{2ACB0C27-28BA-4799-ACA7-762F1D90BB52}"
EndProject
Project("{FAE04EC0-301F-11D3-BF4B-00C04F79EFBC}") = "Z16", "Z16\Z16.csproj", "{64A828C7-4840-4E36-B869-F1A4C41FFFF5}"
EndProject
Project("{FAE04EC0-301F-11D3-BF4B-00C04F79EFBC}") = "Z17", "Z17\Z17.csproj", "{A8B0E03E-753A-4ED2-94D0-298C69FD2FFB}"
EndProject
Project("{FAE04EC0-301F-11D3-BF4B-00C04F79EFBC}") = "Z18", "Z18\Z18.csproj", "{BE5D2E29-0F90-4BB2-A02D-7588FF49EA88}"
EndProject
Project("{FAE04EC0-301F-11D3-BF4B-00C04F79EFBC}") = "Z19", "Z19\Z19.csproj", "{895C71DA-EE22-4941-BFA3-88239D2708B9}"
EndProject
Project("{FAE04EC0-301F-11D3-BF4B-00C04F79EFBC}") = "Z20", "Z20\Z20.csproj", "{CBA701EC-A839-4263-874D-774E6E1F2EDA}"
EndProject
Project("{FAE04EC0-301F-11D3-BF4B-00C04F79EFBC}") = "Z21", "Z21\Z21.csproj", "{3A7ECD42-67A6-4A98-BDD2-32DDE00C96B9}"
EndProject
Project("{FAE04EC0-301F-11D3-BF4B-00C04F79EFBC}") = "Z22", "Z22\Z22.csproj", "{3EA970B6-DA20-4F49-9355-BEC2D7D20CFE}"
EndProject
Project("{FAE04EC0-301F-11D3-BF4B-00C04F79EFBC}") = "Z23", "Z23\Z23.csproj", "{2FF03C6D-E09F-4F9D-A84C-C5CA8012F5A1}"
EndProject
Project("{FAE04EC0-301F-11D3-BF4B-00C04F79EFBC}") = "Z24", "Z24\Z24.csproj", "{4F25E279-DF73-4750-B565-D7CA4AEE8EFB}"
EndProject
Project("{FAE04EC0-301F-11D3-BF4B-00C04F79EFBC}") = "Z25", "Z25\Z25.csproj", "{58A6CC46-7AFE-425F-A36B-B6D513A5D35E}"
EndProject
Project("{FAE04EC0-301F-11D3-BF4B-00C04F79EFBC}") = "Z26", "Z26\Z26.csproj", "{E3C1AA43-9BFB-4222-A16F-D8C5B5676E4B}"
EndProject
Project("{FAE04EC0-301F-11D3-BF4B-00C04F79EFBC}") = "Z27", "Z27\Z27.csproj", "{897D9ED5-A2EC-4A54-8CE5-C447B723D8EF}"
EndProject
Project("{FAE04EC0-301F-11D3-BF4B-00C04F79EFBC}") = "Z28", "Z28\Z28.csproj", "{447D2619-B5C0-4D33-BE6B-20AEFC9061FD}"
EndProject
Project("{FAE04EC0-301F-11D3-BF4B-00C04F79EFBC}") = "Z29", "Z29\Z29.csproj", "{792EF28F-85B9-4516-87D1-98CD5CD15CC5}"
EndProject
Project("{FAE04EC0-301F-11D3-BF4B-00C04F79EFBC}") = "Z30", "Z30\Z30.csproj", "{1B841720-2594-4BB5-99A0-6798FCECC398}"
EndProject
Project("{FAE04EC0-301F-11D3-BF4B-00C04F79EFBC}") = "Z31", "Z31\Z31.csproj", "{A6B61B9B-5533-4CDA-AE5D-8EAB7D39F397}"
EndProject
Project("{FAE04EC0-301F-11D3-BF4B-00C04F79EFBC}") = "Z32", "Z32\Z32.csproj", "{84CCB7B1-AFB5-4426-B3D8-4E60A66711AF}"
EndProject
Project("{FAE04EC0-301F-11D3-BF4B-00C04F79EFBC}") = "Z33", "Z33\Z33.csproj", "{1295E040-7E8E-40BA-9EF8-AE57F99C197A}"
EndProject
Project("{FAE04EC0-301F-11D3-BF4B-00C04F79EFBC}") = "Z34", "Z34\Z34.csproj", "{7BF7E0B2-0668-433E-8CC0-C0563DFFE173}"
EndProject
Project("{FAE04EC0-301F-11D3-BF4B-00C04F79EFBC}") = "Z35", "Z35\Z35.csproj", "{DEF8E5CA-A8D5-4F32-A85B-51C70C5C1F03}"
EndProject
Project("{FAE04EC0-301F-11D3-BF4B-00C04F79EFBC}") = "Z36", "Z36\Z36.csproj", "{94E1EDEA-1D4B-4B03-BB17-15B6EC95BE63}"
EndProject
Project("{FAE04EC0-301F-11D3-BF4B-00C04F79EFBC}") = "Z37", "Z37\Z37.csproj", "{0A1088F9-AD94-4A58-83DD-AC375B8B6EBC}"
EndProject
Global
	GlobalSection(SolutionConfigurationPlatforms) = preSolution
		Debug|Any CPU = Debug|Any CPU
		Release|Any CPU = Release|Any CPU
	EndGlobalSection
	GlobalSection(ProjectConfigurationPlatforms) = postSolution
		{823D3FBD-CC3A-4284-AEA4-331E365225ED}.Debug|Any CPU.ActiveCfg = Debug|Any CPU
		{823D3FBD-CC3A-4284-AEA4-331E365225ED}.Debug|Any CPU.Build.0 = Debug|Any CPU
		{823D3FBD-CC3A-4284-AEA4-331E365225ED}.Release|Any CPU.ActiveCfg = Release|Any CPU
		{823D3FBD-CC3A-4284-AEA4-331E365225ED}.Release|Any CPU.Build.0 = Release|Any CPU
		{44458334-23FA-46FB-BDEF-32843BD25C8B}.Debug|Any CPU.ActiveCfg = Debug|Any CPU
		{44458334-23FA-46FB-BDEF-32843BD25C8B}.Debug|Any CPU.Build.0 = Debug|Any CPU
		{44458334-23FA-46FB-BDEF-32843BD25C8B}.Release|Any CPU.ActiveCfg = Release|Any CPU
		{44458334-23FA-46FB-BDEF-32843BD25C8B}.Release|Any CPU.Build.0 = Release|Any CPU
		{C82F1E13-8789-449D-849B-BAB1906D0D8E}.Debug|Any CPU.ActiveCfg = Debug|Any CPU
		{C82F1E13-8789-449D-849B-BAB1906D0D8E}.Debug|Any CPU.Build.0 = Debug|Any CPU
		{C82F1E13-8789-449D-849B-BAB1906D0D8E}.Release|Any CPU.ActiveCfg = Release|Any CPU
		{C82F1E13-8789-449D-849B-BAB1906D0D8E}.Release|Any CPU.Build.0 = Release|Any CPU
		{5AE1C022-0552-4C11-9DAB-CC2A7EEF8AAE}.Debug|Any CPU.ActiveCfg = Debug|Any CPU
		{5AE1C022-0552-4C11-9DAB-CC2A7EEF8AAE}.Debug|Any CPU.Build.0 = Debug|Any CPU
		{5AE1C022-0552-4C11-9DAB-CC2A7EEF8AAE}.Release|Any CPU.ActiveCfg = Release|Any CPU
		{5AE1C022-0552-4C11-9DAB-CC2A7EEF8AAE}.Release|Any CPU.Build.0 = Release|Any CPU
		{DB8116AB-A62E-4125-9A2E-D73A5C12BA75}.Debug|Any CPU.ActiveCfg = Debug|Any CPU
		{DB8116AB-A62E-4125-9A2E-D73A5C12BA75}.Debug|Any CPU.Build.0 = Debug|Any CPU
		{DB8116AB-A62E-4125-9A2E-D73A5C12BA75}.Release|Any CPU.ActiveCfg = Release|Any CPU
		{DB8116AB-A62E-4125-9A2E-D73A5C12BA75}.Release|Any CPU.Build.0 = Release|Any CPU
		{6F853633-4CA6-443F-ABC3-C15AD81B9571}.Debug|Any CPU.ActiveCfg = Debug|Any CPU
		{6F853633-4CA6-443F-ABC3-C15AD81B9571}.Debug|Any CPU.Build.0 = Debug|Any CPU
		{6F853633-4CA6-443F-ABC3-C15AD81B9571}.Release|Any CPU.ActiveCfg = Release|Any CPU
		{6F853633-4CA6-443F-ABC3-C15AD81B9571}.Release|Any CPU.Build.0 = Release|Any CPU
		{F5162F16-5C0F-4797-980D-E355057AD7F1}.Debug|Any CPU.ActiveCfg = Debug|Any CPU
		{F5162F16-5C0F-4797-980D-E355057AD7F1}.Debug|Any CPU.Build.0 = Debug|Any CPU
		{F5162F16-5C0F-4797-980D-E355057AD7F1}.Release|Any CPU.ActiveCfg = Release|Any CPU
		{F5162F16-5C0F-4797-980D-E355057AD7F1}.Release|Any CPU.Build.0 = Release|Any CPU
		{D6EDBE3C-472E-462F-8958-BE04B3A65DB0}.Debug|Any CPU.ActiveCfg = Debug|Any CPU
		{D6EDBE3C-472E-462F-8958-BE04B3A65DB0}.Debug|Any CPU.Build.0 = Debug|Any CPU
		{D6EDBE3C-472E-462F-8958-BE04B3A65DB0}.Release|Any CPU.ActiveCfg = Release|Any CPU
		{D6EDBE3C-472E-462F-8958-BE04B3A65DB0}.Release|Any CPU.Build.0 = Release|Any CPU
		{5AE44021-03B1-4813-8435-545193B88DAF}.Debug|Any CPU.ActiveCfg = Debug|Any CPU
		{5AE44021-03B1-4813-8435-545193B88DAF}.Debug|Any CPU.Build.0 = Debug|Any CPU
		{5AE44021-03B1-4813-8435-545193B88DAF}.Release|Any CPU.ActiveCfg = Release|Any CPU
		{5AE44021-03B1-4813-8435-545193B88DAF}.Release|Any CPU.Build.0 = Release|Any CPU
		{EB377D67-BFB5-4B83-9647-3CCE2EDC77EB}.Debug|Any CPU.ActiveCfg = Debug|Any CPU
		{EB377D67-BFB5-4B83-9647-3CCE2EDC77EB}.Debug|Any CPU.Build.0 = Debug|Any CPU
		{EB377D67-BFB5-4B83-9647-3CCE2EDC77EB}.Release|Any CPU.ActiveCfg = Release|Any CPU
		{EB377D67-BFB5-4B83-9647-3CCE2EDC77EB}.Release|Any CPU.Build.0 = Release|Any CPU
		{949A1462-32E0-4F66-A4BD-0120590EE304}.Debug|Any CPU.ActiveCfg = Debug|Any CPU
		{949A1462-32E0-4F66-A4BD-0120590EE304}.Debug|Any CPU.Build.0 = Debug|Any CPU
		{949A1462-32E0-4F66-A4BD-0120590EE304}.Release|Any CPU.ActiveCfg = Release|Any CPU
		{949A1462-32E0-4F66-A4BD-0120590EE304}.Release|Any CPU.Build.0 = Release|Any CPU
		{58FB37A1-E775-46D2-885F-46B35A24F1E3}.Debug|Any CPU.ActiveCfg = Debug|Any CPU
		{58FB37A1-E775-46D2-885F-46B35A24F1E3}.Debug|Any CPU.Build.0 = Debug|Any CPU
		{58FB37A1-E775-46D2-885F-46B35A24F1E3}.Release|Any CPU.ActiveCfg = Release|Any CPU
		{58FB37A1-E775-46D2-885F-46B35A24F1E3}.Release|Any CPU.Build.0 = Release|Any CPU
		{891FD5F8-8364-4319-B753-8C1C75FE4A10}.Debug|Any CPU.ActiveCfg = Debug|Any CPU
		{891FD5F8-8364-4319-B753-8C1C75FE4A10}.Debug|Any CPU.Build.0 = Debug|Any CPU
		{891FD5F8-8364-4319-B753-8C1C75FE4A10}.Release|Any CPU.ActiveCfg = Release|Any CPU
		{891FD5F8-8364-4319-B753-8C1C75FE4A10}.Release|Any CPU.Build.0 = Release|Any CPU
		{8C103674-34A2-4A1C-A9C7-B6A6826CB8BF}.Debug|Any CPU.ActiveCfg = Debug|Any CPU
		{8C103674-34A2-4A1C-A9C7-B6A6826CB8BF}.Debug|Any CPU.Build.0 = Debug|Any CPU
		{8C103674-34A2-4A1C-A9C7-B6A6826CB8BF}.Release|Any CPU.ActiveCfg = Release|Any CPU
		{8C103674-34A2-4A1C-A9C7-B6A6826CB8BF}.Release|Any CPU.Build.0 = Release|Any CPU
		{2ACB0C27-28BA-4799-ACA7-762F1D90BB52}.Debug|Any CPU.ActiveCfg = Debug|Any CPU
		{2ACB0C27-28BA-4799-ACA7-762F1D90BB52}.Debug|Any CPU.Build.0 = Debug|Any CPU
		{2ACB0C27-28BA-4799-ACA7-762F1D90BB52}.Release|Any CPU.ActiveCfg = Release|Any CPU
		{2ACB0C27-28BA-4799-ACA7-762F1D90BB52}.Release|Any CPU.Build.0 = Release|Any CPU
		{64A828C7-4840-4E36-B869-F1A4C41FFFF5}.Debug|Any CPU.ActiveCfg = Debug|Any CPU
		{64A828C7-4840-4E36-B869-F1A4C41FFFF5}.Debug|Any CPU.Build.0 = Debug|Any CPU
		{64A828C7-4840-4E36-B869-F1A4C41FFFF5}.Release|Any CPU.ActiveCfg = Release|Any CPU
		{64A828C7-4840-4E36-B869-F1A4C41FFFF5}.Release|Any CPU.Build.0 = Release|Any CPU
		{A8B0E03E-753A-4ED2-94D0-298C69FD2FFB}.Debug|Any CPU.ActiveCfg = Debug|Any CPU
		{A8B0E03E-753A-4ED2-94D0-298C69FD2FFB}.Debug|Any CPU.Build.0 = Debug|Any CPU
		{A8B0E03E-753A-4ED2-94D0-298C69FD2FFB}.Release|Any CPU.ActiveCfg = Release|Any CPU
		{A8B0E03E-753A-4ED2-94D0-298C69FD2FFB}.Release|Any CPU.Build.0 = Release|Any CPU
		{BE5D2E29-0F90-4BB2-A02D-7588FF49EA88}.Debug|Any CPU.ActiveCfg = Debug|Any CPU
		{BE5D2E29-0F90-4BB2-A02D-7588FF49EA88}.Debug|Any CPU.Build.0 = Debug|Any CPU
		{BE5D2E29-0F90-4BB2-A02D-7588FF49EA88}.Release|Any CPU.ActiveCfg = Release|Any CPU
		{BE5D2E29-0F90-4BB2-A02D-7588FF49EA88}.Release|Any CPU.Build.0 = Release|Any CPU
		{895C71DA-EE22-4941-BFA3-88239D2708B9}.Debug|Any CPU.ActiveCfg = Debug|Any CPU
		{895C71DA-EE22-4941-BFA3-88239D2708B9}.Debug|Any CPU.Build.0 = Debug|Any CPU
		{895C71DA-EE22-4941-BFA3-88239D2708B9}.Release|Any CPU.ActiveCfg = Release|Any CPU
		{895C71DA-EE22-4941-BFA3-88239D2708B9}.Release|Any CPU.Build.0 = Release|Any CPU
		{CBA701EC-A839-4263-874D-774E6E1F2EDA}.Debug|Any CPU.ActiveCfg = Debug|Any CPU
		{CBA701EC-A839-4263-874D-774E6E1F2EDA}.Debug|Any CPU.Build.0 = Debug|Any CPU
		{CBA701EC-A839-4263-874D-774E6E1F2EDA}.Release|Any CPU.ActiveCfg = Release|Any CPU
		{CBA701EC-A839-4263-874D-774E6E1F2EDA}.Release|Any CPU.Build.0 = Release|Any CPU
		{3A7ECD42-67A6-4A98-BDD2-32DDE00C96B9}.Debug|Any CPU.ActiveCfg = Debug|Any CPU
		{3A7ECD42-67A6-4A98-BDD2-32DDE00C96B9}.Debug|Any CPU.Build.0 = Debug|Any CPU
		{3A7ECD42-67A6-4A98-BDD2-32DDE00C96B9}.Release|Any CPU.ActiveCfg = Release|Any CPU
		{3A7ECD42-67A6-4A98-BDD2-32DDE00C96B9}.Release|Any CPU.Build.0 = Release|Any CPU
		{3EA970B6-DA20-4F49-9355-BEC2D7D20CFE}.Debug|Any CPU.ActiveCfg = Debug|Any CPU
		{3EA970B6-DA20-4F49-9355-BEC2D7D20CFE}.Debug|Any CPU.Build.0 = Debug|Any CPU
		{3EA970B6-DA20-4F49-9355-BEC2D7D20CFE}.Release|Any CPU.ActiveCfg = Release|Any CPU
		{3EA970B6-DA20-4F49-9355-BEC2D7D20CFE}.Release|Any CPU.Build.0 = Release|Any CPU
		{2FF03C6D-E09F-4F9D-A84C-C5CA8012F5A1}.Debug|Any CPU.ActiveCfg = Debug|Any CPU
		{2FF03C6D-E09F-4F9D-A84C-C5CA8012F5A1}.Debug|Any CPU.Build.0 = Debug|Any CPU
		{2FF03C6D-E09F-4F9D-A84C-C5CA8012F5A1}.Release|Any CPU.ActiveCfg = Release|Any CPU
		{2FF03C6D-E09F-4F9D-A84C-C5CA8012F5A1}.Release|Any CPU.Build.0 = Release|Any CPU
		{4F25E279-DF73-4750-B565-D7CA4AEE8EFB}.Debug|Any CPU.ActiveCfg = Debug|Any CPU
		{4F25E279-DF73-4750-B565-D7CA4AEE8EFB}.Debug|Any CPU.Build.0 = Debug|Any CPU
		{4F25E279-DF73-4750-B565-D7CA4AEE8EFB}.Release|Any CPU.ActiveCfg = Release|Any CPU
		{4F25E279-DF73-4750-B565-D7CA4AEE8EFB}.Release|Any CPU.Build.0 = Release|Any CPU
		{58A6CC46-7AFE-425F-A36B-B6D513A5D35E}.Debug|Any CPU.ActiveCfg = Debug|Any CPU
		{58A6CC46-7AFE-425F-A36B-B6D513A5D35E}.Debug|Any CPU.Build.0 = Debug|Any CPU
		{58A6CC46-7AFE-425F-A36B-B6D513A5D35E}.Release|Any CPU.ActiveCfg = Release|Any CPU
		{58A6CC46-7AFE-425F-A36B-B6D513A5D35E}.Release|Any CPU.Build.0 = Release|Any CPU
		{E3C1AA43-9BFB-4222-A16F-D8C5B5676E4B}.Debug|Any CPU.ActiveCfg = Debug|Any CPU
		{E3C1AA43-9BFB-4222-A16F-D8C5B5676E4B}.Debug|Any CPU.Build.0 = Debug|Any CPU
		{E3C1AA43-9BFB-4222-A16F-D8C5B5676E4B}.Release|Any CPU.ActiveCfg = Release|Any CPU
		{E3C1AA43-9BFB-4222-A16F-D8C5B5676E4B}.Release|Any CPU.Build.0 = Release|Any CPU
		{897D9ED5-A2EC-4A54-8CE5-C447B723D8EF}.Debug|Any CPU.ActiveCfg = Debug|Any CPU
		{897D9ED5-A2EC-4A54-8CE5-C447B723D8EF}.Debug|Any CPU.Build.0 = Debug|Any CPU
		{897D9ED5-A2EC-4A54-8CE5-C447B723D8EF}.Release|Any CPU.ActiveCfg = Release|Any CPU
		{897D9ED5-A2EC-4A54-8CE5-C447B723D8EF}.Release|Any CPU.Build.0 = Release|Any CPU
		{447D2619-B5C0-4D33-BE6B-20AEFC9061FD}.Debug|Any CPU.ActiveCfg = Debug|Any CPU
		{447D2619-B5C0-4D33-BE6B-20AEFC9061FD}.Debug|Any CPU.Build.0 = Debug|Any CPU
		{447D2619-B5C0-4D33-BE6B-20AEFC9061FD}.Release|Any CPU.ActiveCfg = Release|Any CPU
		{447D2619-B5C0-4D33-BE6B-20AEFC9061FD}.Release|Any CPU.Build.0 = Release|Any CPU
		{792EF28F-85B9-4516-87D1-98CD5CD15CC5}.Debug|Any CPU.ActiveCfg = Debug|Any CPU
		{792EF28F-85B9-4516-87D1-98CD5CD15CC5}.Debug|Any CPU.Build.0 = Debug|Any CPU
		{792EF28F-85B9-4516-87D1-98CD5CD15CC5}.Release|Any CPU.ActiveCfg = Release|Any CPU
		{792EF28F-85B9-4516-87D1-98CD5CD15CC5}.Release|Any CPU.Build.0 = Release|Any CPU
		{1B841720-2594-4BB5-99A0-6798FCECC398}.Debug|Any CPU.ActiveCfg = Debug|Any CPU
		{1B841720-2594-4BB5-99A0-6798FCECC398}.Debug|Any CPU.Build.0 = Debug|Any CPU
		{1B841720-2594-4BB5-99A0-6798FCECC398}.Release|Any CPU.ActiveCfg = Release|Any CPU
		{1B841720-2594-4BB5-99A0-6798FCECC398}.Release|Any CPU.Build.0 = Release|Any CPU
		{A6B61B9B-5533-4CDA-AE5D-8EAB7D39F397}.Debug|Any CPU.ActiveCfg = Debug|Any CPU
		{A6B61B9B-5533-4CDA-AE5D-8EAB7D39F397}.Debug|Any CPU.Build.0 = Debug|Any CPU
		{A6B61B9B-5533-4CDA-AE5D-8EAB7D39F397}.Release|Any CPU.ActiveCfg = Release|Any CPU
		{A6B61B9B-5533-4CDA-AE5D-8EAB7D39F397}.Release|Any CPU.Build.0 = Release|Any CPU
		{84CCB7B1-AFB5-4426-B3D8-4E60A66711AF}.Debug|Any CPU.ActiveCfg = Debug|Any CPU
		{84CCB7B1-AFB5-4426-B3D8-4E60A66711AF}.Debug|Any CPU.Build.0 = Debug|Any CPU
		{84CCB7B1-AFB5-4426-B3D8-4E60A66711AF}.Release|Any CPU.ActiveCfg = Release|Any CPU
		{84CCB7B1-AFB5-4426-B3D8-4E60A66711AF}.Release|Any CPU.Build.0 = Release|Any CPU
		{1295E040-7E8E-40BA-9EF8-AE57F99C197A}.Debug|Any CPU.ActiveCfg = Debug|Any CPU
		{1295E040-7E8E-40BA-9EF8-AE57F99C197A}.Debug|Any CPU.Build.0 = Debug|Any CPU
		{1295E040-7E8E-40BA-9EF8-AE57F99C197A}.Release|Any CPU.ActiveCfg = Release|Any CPU
		{1295E040-7E8E-40BA-9EF8-AE57F99C197A}.Release|Any CPU.Build.0 = Release|Any CPU
		{7BF7E0B2-0668-433E-8CC0-C0563DFFE173}.Debug|Any CPU.ActiveCfg = Debug|Any CPU
		{7BF7E0B2-0668-433E-8CC0-C0563DFFE173}.Debug|Any CPU.Build.0 = Debug|Any CPU
		{7BF7E0B2-0668-433E-8CC0-C0563DFFE173}.Release|Any CPU.ActiveCfg = Release|Any CPU
		{7BF7E0B2-0668-433E-8CC0-C0563DFFE173}.Release|Any CPU.Build.0 = Release|Any CPU
		{DEF8E5CA-A8D5-4F32-A85B-51C70C5C1F03}.Debug|Any CPU.ActiveCfg = Debug|Any CPU
		{DEF8E5CA-A8D5-4F32-A85B-51C70C5C1F03}.Debug|Any CPU.Build.0 = Debug|Any CPU
		{DEF8E5CA-A8D5-4F32-A85B-51C70C5C1F03}.Release|Any CPU.ActiveCfg = Release|Any CPU
		{DEF8E5CA-A8D5-4F32-A85B-51C70C5C1F03}.Release|Any CPU.Build.0 = Release|Any CPU
		{94E1EDEA-1D4B-4B03-BB17-15B6EC95BE63}.Debug|Any CPU.ActiveCfg = Debug|Any CPU
		{94E1EDEA-1D4B-4B03-BB17-15B6EC95BE63}.Debug|Any CPU.Build.0 = Debug|Any CPU
		{94E1EDEA-1D4B-4B03-BB17-15B6EC95BE63}.Release|Any CPU.ActiveCfg = Release|Any CPU
		{94E1EDEA-1D4B-4B03-BB17-15B6EC95BE63}.Release|Any CPU.Build.0 = Release|Any CPU
		{0A1088F9-AD94-4A58-83DD-AC375B8B6EBC}.Debug|Any CPU.ActiveCfg = Debug|Any CPU
		{0A1088F9-AD94-4A58-83DD-AC375B8B6EBC}.Debug|Any CPU.Build.0 = Debug|Any CPU
		{0A1088F9-AD94-4A58-83DD-AC375B8B6EBC}.Release|Any CPU.ActiveCfg = Release|Any CPU
		{0A1088F9-AD94-4A58-83DD-AC375B8B6EBC}.Release|Any CPU.Build.0 = Release|Any CPU
	EndGlobalSection
	GlobalSection(SolutionProperties) = preSolution
		HideSolutionNode = FALSE
	EndGlobalSection
	GlobalSection(ExtensibilityGlobals) = postSolution
		SolutionGuid = {86947E70-B1C5-473D-8506-B5E396D7D118}
	EndGlobalSection
EndGlobal
