
Microsoft Visual Studio Solution File, Format Version 12.00
# Visual Studio 15
VisualStudioVersion = 15.0.27004.2002
MinimumVisualStudioVersion = 10.0.40219.1
Project("{FAE04EC0-301F-11D3-BF4B-00C04F79EFBC}") = "Z1", "Z1\Z1.csproj", "{01DBA0CB-7F33-4282-A920-E1593CF8E783}"
EndProject
Project("{FAE04EC0-301F-11D3-BF4B-00C04F79EFBC}") = "Z2", "Z2\Z2.csproj", "{162EEC77-6508-40C9-85E5-493DEE600DD7}"
EndProject
Project("{FAE04EC0-301F-11D3-BF4B-00C04F79EFBC}") = "Z3", "Z3\Z3.csproj", "{F8660408-474A-4BE5-AB3E-3F0E7E72A53E}"
EndProject
Project("{FAE04EC0-301F-11D3-BF4B-00C04F79EFBC}") = "Z4", "Z4\Z4.csproj", "{0CDCE692-5957-459E-B22E-C934C642095A}"
EndProject
Project("{FAE04EC0-301F-11D3-BF4B-00C04F79EFBC}") = "XZ5", "XZ5\XZ5.csproj", "{86166A12-30AB-4080-BFB3-40DEC3381520}"
EndProject
Project("{FAE04EC0-301F-11D3-BF4B-00C04F79EFBC}") = "Z6", "Z6\Z6.csproj", "{3EECF589-06DB-4D4C-8CA8-AF067BCADB63}"
EndProject
Project("{FAE04EC0-301F-11D3-BF4B-00C04F79EFBC}") = "Z7", "Z7\Z7.csproj", "{13A461B1-3E79-48F5-869A-62BB86B8A838}"
EndProject
Project("{FAE04EC0-301F-11D3-BF4B-00C04F79EFBC}") = "Z8", "Z8\Z8.csproj", "{4CFAF905-A09F-4F2B-B28F-967E6F0BC205}"
EndProject
Project("{FAE04EC0-301F-11D3-BF4B-00C04F79EFBC}") = "Z9", "Z9\Z9.csproj", "{95303B2A-DE52-4AFC-9268-EE6661333B21}"
EndProject
Project("{FAE04EC0-301F-11D3-BF4B-00C04F79EFBC}") = "Z10", "Z10\Z10.csproj", "{794B64C4-34F5-492A-A657-C3FB9AABB44B}"
EndProject
Project("{FAE04EC0-301F-11D3-BF4B-00C04F79EFBC}") = "Z11", "Z11\Z11.csproj", "{8F289973-E964-4F9E-B7AC-A286F1943248}"
EndProject
Project("{FAE04EC0-301F-11D3-BF4B-00C04F79EFBC}") = "Z12", "Z12\Z12.csproj", "{857C6F83-4ED1-4D48-9324-A6120B0E9DCE}"
EndProject
Project("{FAE04EC0-301F-11D3-BF4B-00C04F79EFBC}") = "Z13", "Z13\Z13.csproj", "{6F4E19ED-CD54-4783-80EE-667D8F814967}"
EndProject
Project("{FAE04EC0-301F-11D3-BF4B-00C04F79EFBC}") = "Z14", "Z14\Z14.csproj", "{B287761C-673A-4594-8028-C9CAAD49DC0A}"
EndProject
Project("{FAE04EC0-301F-11D3-BF4B-00C04F79EFBC}") = "Z15", "Z15\Z15.csproj", "{31498D5D-EAC9-44EC-BA14-71C7BBD4B066}"
EndProject
Project("{FAE04EC0-301F-11D3-BF4B-00C04F79EFBC}") = "Z16", "Z16\Z16.csproj", "{059315F6-4104-4F1F-813F-5FA0D6637C7B}"
EndProject
Project("{FAE04EC0-301F-11D3-BF4B-00C04F79EFBC}") = "Z17", "Z17\Z17.csproj", "{25F3B367-CBFD-4262-92EB-2D4AC65CFE6E}"
EndProject
Project("{FAE04EC0-301F-11D3-BF4B-00C04F79EFBC}") = "Z18", "Z18\Z18.csproj", "{C1BB1C6D-E9E8-4E2C-A10D-978AC163AE76}"
EndProject
Project("{FAE04EC0-301F-11D3-BF4B-00C04F79EFBC}") = "Z19", "Z19\Z19.csproj", "{9AF82046-8CB7-4728-9EFD-6D0EB117B4F6}"
EndProject
Project("{FAE04EC0-301F-11D3-BF4B-00C04F79EFBC}") = "Z20", "Z20\Z20.csproj", "{166C7F63-4B26-411E-BFA5-8456AE2EC588}"
EndProject
Project("{FAE04EC0-301F-11D3-BF4B-00C04F79EFBC}") = "Z21", "Z21\Z21.csproj", "{732479BC-598B-47DB-82B9-147A2C115054}"
EndProject
Project("{FAE04EC0-301F-11D3-BF4B-00C04F79EFBC}") = "Z22", "Z22\Z22.csproj", "{5986DECA-F1BF-4F79-8ADC-F0F8B6A6FDEB}"
EndProject
Project("{FAE04EC0-301F-11D3-BF4B-00C04F79EFBC}") = "Z23", "Z23\Z23.csproj", "{23BE820A-DB38-494F-8013-DE03136C349C}"
EndProject
Project("{FAE04EC0-301F-11D3-BF4B-00C04F79EFBC}") = "Z24", "Z24\Z24.csproj", "{478ACE27-B8C8-44A1-85AC-6DACCE7F03E5}"
EndProject
Project("{FAE04EC0-301F-11D3-BF4B-00C04F79EFBC}") = "Z25", "Z25\Z25.csproj", "{A668FC6A-6A65-4AF0-9FB0-4CEE27679EE9}"
EndProject
Project("{FAE04EC0-301F-11D3-BF4B-00C04F79EFBC}") = "Z26", "Z26\Z26.csproj", "{EBE208B1-5144-447C-BB59-2CC8094F1489}"
EndProject
Global
	GlobalSection(SolutionConfigurationPlatforms) = preSolution
		Debug|Any CPU = Debug|Any CPU
		Release|Any CPU = Release|Any CPU
	EndGlobalSection
	GlobalSection(ProjectConfigurationPlatforms) = postSolution
		{01DBA0CB-7F33-4282-A920-E1593CF8E783}.Debug|Any CPU.ActiveCfg = Debug|Any CPU
		{01DBA0CB-7F33-4282-A920-E1593CF8E783}.Debug|Any CPU.Build.0 = Debug|Any CPU
		{01DBA0CB-7F33-4282-A920-E1593CF8E783}.Release|Any CPU.ActiveCfg = Release|Any CPU
		{01DBA0CB-7F33-4282-A920-E1593CF8E783}.Release|Any CPU.Build.0 = Release|Any CPU
		{162EEC77-6508-40C9-85E5-493DEE600DD7}.Debug|Any CPU.ActiveCfg = Debug|Any CPU
		{162EEC77-6508-40C9-85E5-493DEE600DD7}.Debug|Any CPU.Build.0 = Debug|Any CPU
		{162EEC77-6508-40C9-85E5-493DEE600DD7}.Release|Any CPU.ActiveCfg = Release|Any CPU
		{162EEC77-6508-40C9-85E5-493DEE600DD7}.Release|Any CPU.Build.0 = Release|Any CPU
		{F8660408-474A-4BE5-AB3E-3F0E7E72A53E}.Debug|Any CPU.ActiveCfg = Debug|Any CPU
		{F8660408-474A-4BE5-AB3E-3F0E7E72A53E}.Debug|Any CPU.Build.0 = Debug|Any CPU
		{F8660408-474A-4BE5-AB3E-3F0E7E72A53E}.Release|Any CPU.ActiveCfg = Release|Any CPU
		{F8660408-474A-4BE5-AB3E-3F0E7E72A53E}.Release|Any CPU.Build.0 = Release|Any CPU
		{0CDCE692-5957-459E-B22E-C934C642095A}.Debug|Any CPU.ActiveCfg = Debug|Any CPU
		{0CDCE692-5957-459E-B22E-C934C642095A}.Debug|Any CPU.Build.0 = Debug|Any CPU
		{0CDCE692-5957-459E-B22E-C934C642095A}.Release|Any CPU.ActiveCfg = Release|Any CPU
		{0CDCE692-5957-459E-B22E-C934C642095A}.Release|Any CPU.Build.0 = Release|Any CPU
		{86166A12-30AB-4080-BFB3-40DEC3381520}.Debug|Any CPU.ActiveCfg = Debug|Any CPU
		{86166A12-30AB-4080-BFB3-40DEC3381520}.Debug|Any CPU.Build.0 = Debug|Any CPU
		{86166A12-30AB-4080-BFB3-40DEC3381520}.Release|Any CPU.ActiveCfg = Release|Any CPU
		{86166A12-30AB-4080-BFB3-40DEC3381520}.Release|Any CPU.Build.0 = Release|Any CPU
		{3EECF589-06DB-4D4C-8CA8-AF067BCADB63}.Debug|Any CPU.ActiveCfg = Debug|Any CPU
		{3EECF589-06DB-4D4C-8CA8-AF067BCADB63}.Debug|Any CPU.Build.0 = Debug|Any CPU
		{3EECF589-06DB-4D4C-8CA8-AF067BCADB63}.Release|Any CPU.ActiveCfg = Release|Any CPU
		{3EECF589-06DB-4D4C-8CA8-AF067BCADB63}.Release|Any CPU.Build.0 = Release|Any CPU
		{13A461B1-3E79-48F5-869A-62BB86B8A838}.Debug|Any CPU.ActiveCfg = Debug|Any CPU
		{13A461B1-3E79-48F5-869A-62BB86B8A838}.Debug|Any CPU.Build.0 = Debug|Any CPU
		{13A461B1-3E79-48F5-869A-62BB86B8A838}.Release|Any CPU.ActiveCfg = Release|Any CPU
		{13A461B1-3E79-48F5-869A-62BB86B8A838}.Release|Any CPU.Build.0 = Release|Any CPU
		{4CFAF905-A09F-4F2B-B28F-967E6F0BC205}.Debug|Any CPU.ActiveCfg = Debug|Any CPU
		{4CFAF905-A09F-4F2B-B28F-967E6F0BC205}.Debug|Any CPU.Build.0 = Debug|Any CPU
		{4CFAF905-A09F-4F2B-B28F-967E6F0BC205}.Release|Any CPU.ActiveCfg = Release|Any CPU
		{4CFAF905-A09F-4F2B-B28F-967E6F0BC205}.Release|Any CPU.Build.0 = Release|Any CPU
		{95303B2A-DE52-4AFC-9268-EE6661333B21}.Debug|Any CPU.ActiveCfg = Debug|Any CPU
		{95303B2A-DE52-4AFC-9268-EE6661333B21}.Debug|Any CPU.Build.0 = Debug|Any CPU
		{95303B2A-DE52-4AFC-9268-EE6661333B21}.Release|Any CPU.ActiveCfg = Release|Any CPU
		{95303B2A-DE52-4AFC-9268-EE6661333B21}.Release|Any CPU.Build.0 = Release|Any CPU
		{794B64C4-34F5-492A-A657-C3FB9AABB44B}.Debug|Any CPU.ActiveCfg = Debug|Any CPU
		{794B64C4-34F5-492A-A657-C3FB9AABB44B}.Debug|Any CPU.Build.0 = Debug|Any CPU
		{794B64C4-34F5-492A-A657-C3FB9AABB44B}.Release|Any CPU.ActiveCfg = Release|Any CPU
		{794B64C4-34F5-492A-A657-C3FB9AABB44B}.Release|Any CPU.Build.0 = Release|Any CPU
		{8F289973-E964-4F9E-B7AC-A286F1943248}.Debug|Any CPU.ActiveCfg = Debug|Any CPU
		{8F289973-E964-4F9E-B7AC-A286F1943248}.Debug|Any CPU.Build.0 = Debug|Any CPU
		{8F289973-E964-4F9E-B7AC-A286F1943248}.Release|Any CPU.ActiveCfg = Release|Any CPU
		{8F289973-E964-4F9E-B7AC-A286F1943248}.Release|Any CPU.Build.0 = Release|Any CPU
		{857C6F83-4ED1-4D48-9324-A6120B0E9DCE}.Debug|Any CPU.ActiveCfg = Debug|Any CPU
		{857C6F83-4ED1-4D48-9324-A6120B0E9DCE}.Debug|Any CPU.Build.0 = Debug|Any CPU
		{857C6F83-4ED1-4D48-9324-A6120B0E9DCE}.Release|Any CPU.ActiveCfg = Release|Any CPU
		{857C6F83-4ED1-4D48-9324-A6120B0E9DCE}.Release|Any CPU.Build.0 = Release|Any CPU
		{6F4E19ED-CD54-4783-80EE-667D8F814967}.Debug|Any CPU.ActiveCfg = Debug|Any CPU
		{6F4E19ED-CD54-4783-80EE-667D8F814967}.Debug|Any CPU.Build.0 = Debug|Any CPU
		{6F4E19ED-CD54-4783-80EE-667D8F814967}.Release|Any CPU.ActiveCfg = Release|Any CPU
		{6F4E19ED-CD54-4783-80EE-667D8F814967}.Release|Any CPU.Build.0 = Release|Any CPU
		{B287761C-673A-4594-8028-C9CAAD49DC0A}.Debug|Any CPU.ActiveCfg = Debug|Any CPU
		{B287761C-673A-4594-8028-C9CAAD49DC0A}.Debug|Any CPU.Build.0 = Debug|Any CPU
		{B287761C-673A-4594-8028-C9CAAD49DC0A}.Release|Any CPU.ActiveCfg = Release|Any CPU
		{B287761C-673A-4594-8028-C9CAAD49DC0A}.Release|Any CPU.Build.0 = Release|Any CPU
		{31498D5D-EAC9-44EC-BA14-71C7BBD4B066}.Debug|Any CPU.ActiveCfg = Debug|Any CPU
		{31498D5D-EAC9-44EC-BA14-71C7BBD4B066}.Debug|Any CPU.Build.0 = Debug|Any CPU
		{31498D5D-EAC9-44EC-BA14-71C7BBD4B066}.Release|Any CPU.ActiveCfg = Release|Any CPU
		{31498D5D-EAC9-44EC-BA14-71C7BBD4B066}.Release|Any CPU.Build.0 = Release|Any CPU
		{059315F6-4104-4F1F-813F-5FA0D6637C7B}.Debug|Any CPU.ActiveCfg = Debug|Any CPU
		{059315F6-4104-4F1F-813F-5FA0D6637C7B}.Debug|Any CPU.Build.0 = Debug|Any CPU
		{059315F6-4104-4F1F-813F-5FA0D6637C7B}.Release|Any CPU.ActiveCfg = Release|Any CPU
		{059315F6-4104-4F1F-813F-5FA0D6637C7B}.Release|Any CPU.Build.0 = Release|Any CPU
		{25F3B367-CBFD-4262-92EB-2D4AC65CFE6E}.Debug|Any CPU.ActiveCfg = Debug|Any CPU
		{25F3B367-CBFD-4262-92EB-2D4AC65CFE6E}.Debug|Any CPU.Build.0 = Debug|Any CPU
		{25F3B367-CBFD-4262-92EB-2D4AC65CFE6E}.Release|Any CPU.ActiveCfg = Release|Any CPU
		{25F3B367-CBFD-4262-92EB-2D4AC65CFE6E}.Release|Any CPU.Build.0 = Release|Any CPU
		{C1BB1C6D-E9E8-4E2C-A10D-978AC163AE76}.Debug|Any CPU.ActiveCfg = Debug|Any CPU
		{C1BB1C6D-E9E8-4E2C-A10D-978AC163AE76}.Debug|Any CPU.Build.0 = Debug|Any CPU
		{C1BB1C6D-E9E8-4E2C-A10D-978AC163AE76}.Release|Any CPU.ActiveCfg = Release|Any CPU
		{C1BB1C6D-E9E8-4E2C-A10D-978AC163AE76}.Release|Any CPU.Build.0 = Release|Any CPU
		{9AF82046-8CB7-4728-9EFD-6D0EB117B4F6}.Debug|Any CPU.ActiveCfg = Debug|Any CPU
		{9AF82046-8CB7-4728-9EFD-6D0EB117B4F6}.Debug|Any CPU.Build.0 = Debug|Any CPU
		{9AF82046-8CB7-4728-9EFD-6D0EB117B4F6}.Release|Any CPU.ActiveCfg = Release|Any CPU
		{9AF82046-8CB7-4728-9EFD-6D0EB117B4F6}.Release|Any CPU.Build.0 = Release|Any CPU
		{166C7F63-4B26-411E-BFA5-8456AE2EC588}.Debug|Any CPU.ActiveCfg = Debug|Any CPU
		{166C7F63-4B26-411E-BFA5-8456AE2EC588}.Debug|Any CPU.Build.0 = Debug|Any CPU
		{166C7F63-4B26-411E-BFA5-8456AE2EC588}.Release|Any CPU.ActiveCfg = Release|Any CPU
		{166C7F63-4B26-411E-BFA5-8456AE2EC588}.Release|Any CPU.Build.0 = Release|Any CPU
		{732479BC-598B-47DB-82B9-147A2C115054}.Debug|Any CPU.ActiveCfg = Debug|Any CPU
		{732479BC-598B-47DB-82B9-147A2C115054}.Debug|Any CPU.Build.0 = Debug|Any CPU
		{732479BC-598B-47DB-82B9-147A2C115054}.Release|Any CPU.ActiveCfg = Release|Any CPU
		{732479BC-598B-47DB-82B9-147A2C115054}.Release|Any CPU.Build.0 = Release|Any CPU
		{5986DECA-F1BF-4F79-8ADC-F0F8B6A6FDEB}.Debug|Any CPU.ActiveCfg = Debug|Any CPU
		{5986DECA-F1BF-4F79-8ADC-F0F8B6A6FDEB}.Debug|Any CPU.Build.0 = Debug|Any CPU
		{5986DECA-F1BF-4F79-8ADC-F0F8B6A6FDEB}.Release|Any CPU.ActiveCfg = Release|Any CPU
		{5986DECA-F1BF-4F79-8ADC-F0F8B6A6FDEB}.Release|Any CPU.Build.0 = Release|Any CPU
		{23BE820A-DB38-494F-8013-DE03136C349C}.Debug|Any CPU.ActiveCfg = Debug|Any CPU
		{23BE820A-DB38-494F-8013-DE03136C349C}.Debug|Any CPU.Build.0 = Debug|Any CPU
		{23BE820A-DB38-494F-8013-DE03136C349C}.Release|Any CPU.ActiveCfg = Release|Any CPU
		{23BE820A-DB38-494F-8013-DE03136C349C}.Release|Any CPU.Build.0 = Release|Any CPU
		{478ACE27-B8C8-44A1-85AC-6DACCE7F03E5}.Debug|Any CPU.ActiveCfg = Debug|Any CPU
		{478ACE27-B8C8-44A1-85AC-6DACCE7F03E5}.Debug|Any CPU.Build.0 = Debug|Any CPU
		{478ACE27-B8C8-44A1-85AC-6DACCE7F03E5}.Release|Any CPU.ActiveCfg = Release|Any CPU
		{478ACE27-B8C8-44A1-85AC-6DACCE7F03E5}.Release|Any CPU.Build.0 = Release|Any CPU
		{A668FC6A-6A65-4AF0-9FB0-4CEE27679EE9}.Debug|Any CPU.ActiveCfg = Debug|Any CPU
		{A668FC6A-6A65-4AF0-9FB0-4CEE27679EE9}.Debug|Any CPU.Build.0 = Debug|Any CPU
		{A668FC6A-6A65-4AF0-9FB0-4CEE27679EE9}.Release|Any CPU.ActiveCfg = Release|Any CPU
		{A668FC6A-6A65-4AF0-9FB0-4CEE27679EE9}.Release|Any CPU.Build.0 = Release|Any CPU
		{EBE208B1-5144-447C-BB59-2CC8094F1489}.Debug|Any CPU.ActiveCfg = Debug|Any CPU
		{EBE208B1-5144-447C-BB59-2CC8094F1489}.Debug|Any CPU.Build.0 = Debug|Any CPU
		{EBE208B1-5144-447C-BB59-2CC8094F1489}.Release|Any CPU.ActiveCfg = Release|Any CPU
		{EBE208B1-5144-447C-BB59-2CC8094F1489}.Release|Any CPU.Build.0 = Release|Any CPU
	EndGlobalSection
	GlobalSection(SolutionProperties) = preSolution
		HideSolutionNode = FALSE
	EndGlobalSection
	GlobalSection(ExtensibilityGlobals) = postSolution
		SolutionGuid = {DE0F1C0F-7A7C-44B9-A7DC-1A73E4AF152C}
	EndGlobalSection
EndGlobal
