
Microsoft Visual Studio Solution File, Format Version 12.00
# Visual Studio 15
VisualStudioVersion = 15.0.27004.2002
MinimumVisualStudioVersion = 10.0.40219.1
Project("{FAE04EC0-301F-11D3-BF4B-00C04F79EFBC}") = "Z1", "Z1\Z1.csproj", "{01DBA0CB-7F33-4282-A920-E1593CF8E783}"
EndProject
Project("{FAE04EC0-301F-11D3-BF4B-00C04F79EFBC}") = "Z2", "Z2\Z2.csproj", "{162EEC77-6508-40C9-85E5-493DEE600DD7}"
EndProject
Project("{FAE04EC0-301F-11D3-BF4B-00C04F79EFBC}") = "Z3", "Z3\Z3.csproj", "{F8660408-474A-4BE5-AB3E-3F0E7E72A53E}"
EndProject
Project("{FAE04EC0-301F-11D3-BF4B-00C04F79EFBC}") = "Z4", "Z4\Z4.csproj", "{0CDCE692-5957-459E-B22E-C934C642095A}"
EndProject
Project("{FAE04EC0-301F-11D3-BF4B-00C04F79EFBC}") = "XZ5", "XZ5\XZ5.csproj", "{86166A12-30AB-4080-BFB3-40DEC3381520}"
EndProject
Project("{FAE04EC0-301F-11D3-BF4B-00C04F79EFBC}") = "Z6", "Z6\Z6.csproj", "{3EECF589-06DB-4D4C-8CA8-AF067BCADB63}"
EndProject
Project("{FAE04EC0-301F-11D3-BF4B-00C04F79EFBC}") = "Z7", "Z7\Z7.csproj", "{13A461B1-3E79-48F5-869A-62BB86B8A838}"
EndProject
Project("{FAE04EC0-301F-11D3-BF4B-00C04F79EFBC}") = "Z8", "Z8\Z8.csproj", "{4CFAF905-A09F-4F2B-B28F-967E6F0BC205}"
EndProject
Project("{FAE04EC0-301F-11D3-BF4B-00C04F79EFBC}") = "Z9", "Z9\Z9.csproj", "{95303B2A-DE52-4AFC-9268-EE6661333B21}"
EndProject
Project("{FAE04EC0-301F-11D3-BF4B-00C04F79EFBC}") = "Z10", "Z10\Z10.csproj", "{794B64C4-34F5-492A-A657-C3FB9AABB44B}"
EndProject
Project("{FAE04EC0-301F-11D3-BF4B-00C04F79EFBC}") = "Z11", "Z11\Z11.csproj", "{8F289973-E964-4F9E-B7AC-A286F1943248}"
EndProject
Project("{FAE04EC0-301F-11D3-BF4B-00C04F79EFBC}") = "Z12", "Z12\Z12.csproj", "{857C6F83-4ED1-4D48-9324-A6120B0E9DCE}"
EndProject
Global
	GlobalSection(SolutionConfigurationPlatforms) = preSolution
		Debug|Any CPU = Debug|Any CPU
		Release|Any CPU = Release|Any CPU
	EndGlobalSection
	GlobalSection(ProjectConfigurationPlatforms) = postSolution
		{01DBA0CB-7F33-4282-A920-E1593CF8E783}.Debug|Any CPU.ActiveCfg = Debug|Any CPU
		{01DBA0CB-7F33-4282-A920-E1593CF8E783}.Debug|Any CPU.Build.0 = Debug|Any CPU
		{01DBA0CB-7F33-4282-A920-E1593CF8E783}.Release|Any CPU.ActiveCfg = Release|Any CPU
		{01DBA0CB-7F33-4282-A920-E1593CF8E783}.Release|Any CPU.Build.0 = Release|Any CPU
		{162EEC77-6508-40C9-85E5-493DEE600DD7}.Debug|Any CPU.ActiveCfg = Debug|Any CPU
		{162EEC77-6508-40C9-85E5-493DEE600DD7}.Debug|Any CPU.Build.0 = Debug|Any CPU
		{162EEC77-6508-40C9-85E5-493DEE600DD7}.Release|Any CPU.ActiveCfg = Release|Any CPU
		{162EEC77-6508-40C9-85E5-493DEE600DD7}.Release|Any CPU.Build.0 = Release|Any CPU
		{F8660408-474A-4BE5-AB3E-3F0E7E72A53E}.Debug|Any CPU.ActiveCfg = Debug|Any CPU
		{F8660408-474A-4BE5-AB3E-3F0E7E72A53E}.Debug|Any CPU.Build.0 = Debug|Any CPU
		{F8660408-474A-4BE5-AB3E-3F0E7E72A53E}.Release|Any CPU.ActiveCfg = Release|Any CPU
		{F8660408-474A-4BE5-AB3E-3F0E7E72A53E}.Release|Any CPU.Build.0 = Release|Any CPU
		{0CDCE692-5957-459E-B22E-C934C642095A}.Debug|Any CPU.ActiveCfg = Debug|Any CPU
		{0CDCE692-5957-459E-B22E-C934C642095A}.Debug|Any CPU.Build.0 = Debug|Any CPU
		{0CDCE692-5957-459E-B22E-C934C642095A}.Release|Any CPU.ActiveCfg = Release|Any CPU
		{0CDCE692-5957-459E-B22E-C934C642095A}.Release|Any CPU.Build.0 = Release|Any CPU
		{86166A12-30AB-4080-BFB3-40DEC3381520}.Debug|Any CPU.ActiveCfg = Debug|Any CPU
		{86166A12-30AB-4080-BFB3-40DEC3381520}.Debug|Any CPU.Build.0 = Debug|Any CPU
		{86166A12-30AB-4080-BFB3-40DEC3381520}.Release|Any CPU.ActiveCfg = Release|Any CPU
		{86166A12-30AB-4080-BFB3-40DEC3381520}.Release|Any CPU.Build.0 = Release|Any CPU
		{3EECF589-06DB-4D4C-8CA8-AF067BCADB63}.Debug|Any CPU.ActiveCfg = Debug|Any CPU
		{3EECF589-06DB-4D4C-8CA8-AF067BCADB63}.Debug|Any CPU.Build.0 = Debug|Any CPU
		{3EECF589-06DB-4D4C-8CA8-AF067BCADB63}.Release|Any CPU.ActiveCfg = Release|Any CPU
		{3EECF589-06DB-4D4C-8CA8-AF067BCADB63}.Release|Any CPU.Build.0 = Release|Any CPU
		{13A461B1-3E79-48F5-869A-62BB86B8A838}.Debug|Any CPU.ActiveCfg = Debug|Any CPU
		{13A461B1-3E79-48F5-869A-62BB86B8A838}.Debug|Any CPU.Build.0 = Debug|Any CPU
		{13A461B1-3E79-48F5-869A-62BB86B8A838}.Release|Any CPU.ActiveCfg = Release|Any CPU
		{13A461B1-3E79-48F5-869A-62BB86B8A838}.Release|Any CPU.Build.0 = Release|Any CPU
		{4CFAF905-A09F-4F2B-B28F-967E6F0BC205}.Debug|Any CPU.ActiveCfg = Debug|Any CPU
		{4CFAF905-A09F-4F2B-B28F-967E6F0BC205}.Debug|Any CPU.Build.0 = Debug|Any CPU
		{4CFAF905-A09F-4F2B-B28F-967E6F0BC205}.Release|Any CPU.ActiveCfg = Release|Any CPU
		{4CFAF905-A09F-4F2B-B28F-967E6F0BC205}.Release|Any CPU.Build.0 = Release|Any CPU
		{95303B2A-DE52-4AFC-9268-EE6661333B21}.Debug|Any CPU.ActiveCfg = Debug|Any CPU
		{95303B2A-DE52-4AFC-9268-EE6661333B21}.Debug|Any CPU.Build.0 = Debug|Any CPU
		{95303B2A-DE52-4AFC-9268-EE6661333B21}.Release|Any CPU.ActiveCfg = Release|Any CPU
		{95303B2A-DE52-4AFC-9268-EE6661333B21}.Release|Any CPU.Build.0 = Release|Any CPU
		{794B64C4-34F5-492A-A657-C3FB9AABB44B}.Debug|Any CPU.ActiveCfg = Debug|Any CPU
		{794B64C4-34F5-492A-A657-C3FB9AABB44B}.Debug|Any CPU.Build.0 = Debug|Any CPU
		{794B64C4-34F5-492A-A657-C3FB9AABB44B}.Release|Any CPU.ActiveCfg = Release|Any CPU
		{794B64C4-34F5-492A-A657-C3FB9AABB44B}.Release|Any CPU.Build.0 = Release|Any CPU
		{8F289973-E964-4F9E-B7AC-A286F1943248}.Debug|Any CPU.ActiveCfg = Debug|Any CPU
		{8F289973-E964-4F9E-B7AC-A286F1943248}.Debug|Any CPU.Build.0 = Debug|Any CPU
		{8F289973-E964-4F9E-B7AC-A286F1943248}.Release|Any CPU.ActiveCfg = Release|Any CPU
		{8F289973-E964-4F9E-B7AC-A286F1943248}.Release|Any CPU.Build.0 = Release|Any CPU
		{857C6F83-4ED1-4D48-9324-A6120B0E9DCE}.Debug|Any CPU.ActiveCfg = Debug|Any CPU
		{857C6F83-4ED1-4D48-9324-A6120B0E9DCE}.Debug|Any CPU.Build.0 = Debug|Any CPU
		{857C6F83-4ED1-4D48-9324-A6120B0E9DCE}.Release|Any CPU.ActiveCfg = Release|Any CPU
		{857C6F83-4ED1-4D48-9324-A6120B0E9DCE}.Release|Any CPU.Build.0 = Release|Any CPU
	EndGlobalSection
	GlobalSection(SolutionProperties) = preSolution
		HideSolutionNode = FALSE
	EndGlobalSection
	GlobalSection(ExtensibilityGlobals) = postSolution
		SolutionGuid = {DE0F1C0F-7A7C-44B9-A7DC-1A73E4AF152C}
	EndGlobalSection
EndGlobal
